// !$*UTF8*$!
{
	archiveVersion = 1;
	classes = {
	};
	objectVersion = 56;
	objects = {

/* Begin PBXBuildFile section */
		D11FE4042BBE96BA00283518 /* DetailObject.swift in Sources */ = {isa = PBXBuildFile; fileRef = D11FE4032BBE96BA00283518 /* DetailObject.swift */; };
		D11FE4062BBE972500283518 /* ObjectDetailVM.swift in Sources */ = {isa = PBXBuildFile; fileRef = D11FE4052BBE972500283518 /* ObjectDetailVM.swift */; };
		D11FE4082BBE975500283518 /* ObjectDetailView.swift in Sources */ = {isa = PBXBuildFile; fileRef = D11FE4072BBE975500283518 /* ObjectDetailView.swift */; };
		D11FE40A2BBEA3BA00283518 /* FeatureView.swift in Sources */ = {isa = PBXBuildFile; fileRef = D11FE4092BBEA3BA00283518 /* FeatureView.swift */; };
		D11FE4122BBEB3A100283518 /* CachedAsyncImage in Frameworks */ = {isa = PBXBuildFile; productRef = D11FE4112BBEB3A100283518 /* CachedAsyncImage */; };
		D12F29682B95C731009102C7 /* MuseumSwiftUIApp.swift in Sources */ = {isa = PBXBuildFile; fileRef = D12F29672B95C731009102C7 /* MuseumSwiftUIApp.swift */; };
		D12F296C2B95C733009102C7 /* Assets.xcassets in Resources */ = {isa = PBXBuildFile; fileRef = D12F296B2B95C733009102C7 /* Assets.xcassets */; };
		D12F296F2B95C733009102C7 /* Preview Assets.xcassets in Resources */ = {isa = PBXBuildFile; fileRef = D12F296E2B95C733009102C7 /* Preview Assets.xcassets */; };
		D12F29762B95C742009102C7 /* Institution.swift in Sources */ = {isa = PBXBuildFile; fileRef = D12F29752B95C742009102C7 /* Institution.swift */; };
		D12F29782B95C755009102C7 /* InstitutionVM.swift in Sources */ = {isa = PBXBuildFile; fileRef = D12F29772B95C755009102C7 /* InstitutionVM.swift */; };
		D12F297A2B95C761009102C7 /* InstitutionView.swift in Sources */ = {isa = PBXBuildFile; fileRef = D12F29792B95C761009102C7 /* InstitutionView.swift */; };
		D12F297C2B96056C009102C7 /* InstitutionService.swift in Sources */ = {isa = PBXBuildFile; fileRef = D12F297B2B96056B009102C7 /* InstitutionService.swift */; };
		D164A6442BA9939800447FD8 /* QuizView.swift in Sources */ = {isa = PBXBuildFile; fileRef = D164A6432BA9939800447FD8 /* QuizView.swift */; };
		D171913C2BCE811C00D22D68 /* ObjectsMainView.swift in Sources */ = {isa = PBXBuildFile; fileRef = D171913B2BCE811C00D22D68 /* ObjectsMainView.swift */; };
		D171913E2BCE819900D22D68 /* AllObjectsVM.swift in Sources */ = {isa = PBXBuildFile; fileRef = D171913D2BCE819900D22D68 /* AllObjectsVM.swift */; };
		D17D1ED12BC927D100DA6E41 /* SwiftTfIdf in Frameworks */ = {isa = PBXBuildFile; productRef = D17D1ED02BC927D100DA6E41 /* SwiftTfIdf */; };
		D17D1ED32BC96B1900DA6E41 /* StopWordsManager.swift in Sources */ = {isa = PBXBuildFile; fileRef = D17D1ED22BC96B1900DA6E41 /* StopWordsManager.swift */; };
		D19512912BCD74AF009C73A2 /* AllInstitutionsVM.swift in Sources */ = {isa = PBXBuildFile; fileRef = D19512902BCD74AF009C73A2 /* AllInstitutionsVM.swift */; };
		D19512962BCD7519009C73A2 /* CollectionsMainView.swift in Sources */ = {isa = PBXBuildFile; fileRef = D19512952BCD7519009C73A2 /* CollectionsMainView.swift */; };
		D19512982BCD754A009C73A2 /* MainMenuView.swift in Sources */ = {isa = PBXBuildFile; fileRef = D19512972BCD754A009C73A2 /* MainMenuView.swift */; };
		D1A083932B97915A00EC088E /* Collection.swift in Sources */ = {isa = PBXBuildFile; fileRef = D1A083922B97915A00EC088E /* Collection.swift */; };
		D1A083952B97938D00EC088E /* InstitutionDetailView.swift in Sources */ = {isa = PBXBuildFile; fileRef = D1A083942B97938D00EC088E /* InstitutionDetailView.swift */; };
		D1A083972B9799C800EC088E /* DetailInstitution.swift in Sources */ = {isa = PBXBuildFile; fileRef = D1A083962B9799C800EC088E /* DetailInstitution.swift */; };
		D1A083992B979BE900EC088E /* InstitutionDetailVM.swift in Sources */ = {isa = PBXBuildFile; fileRef = D1A083982B979BE900EC088E /* InstitutionDetailVM.swift */; };
		D1A0839B2B9A4E9A00EC088E /* InstitutionMapVM.swift in Sources */ = {isa = PBXBuildFile; fileRef = D1A0839A2B9A4E9A00EC088E /* InstitutionMapVM.swift */; };
		D1A0839D2B9B0E8900EC088E /* InstitutionMapView.swift in Sources */ = {isa = PBXBuildFile; fileRef = D1A0839C2B9B0E8900EC088E /* InstitutionMapView.swift */; };
		D1A0839F2B9B188F00EC088E /* CollectionView.swift in Sources */ = {isa = PBXBuildFile; fileRef = D1A0839E2B9B188F00EC088E /* CollectionView.swift */; };
		D1A083A52B9CD43600EC088E /* MapPin.swift in Sources */ = {isa = PBXBuildFile; fileRef = D1A083A42B9CD43600EC088E /* MapPin.swift */; };
		D1A63ADA2BBC03C800113064 /* CollectionDetailVM.swift in Sources */ = {isa = PBXBuildFile; fileRef = D1A63AD92BBC03C800113064 /* CollectionDetailVM.swift */; };
		D1A63ADC2BBC054600113064 /* SubcollectionView.swift in Sources */ = {isa = PBXBuildFile; fileRef = D1A63ADB2BBC054600113064 /* SubcollectionView.swift */; };
		D1BED4E92BA094F80058F6E3 /* Subcollection.swift in Sources */ = {isa = PBXBuildFile; fileRef = D1BED4E82BA094F80058F6E3 /* Subcollection.swift */; };
		D1BED4EB2BA0C88D0058F6E3 /* CollectionDetailView.swift in Sources */ = {isa = PBXBuildFile; fileRef = D1BED4EA2BA0C88D0058F6E3 /* CollectionDetailView.swift */; };
		D1C219D82BBD69E5004A4393 /* Object.swift in Sources */ = {isa = PBXBuildFile; fileRef = D1C219D72BBD69E5004A4393 /* Object.swift */; };
		D1C219DA2BBD6A9B004A4393 /* ObjectVM.swift in Sources */ = {isa = PBXBuildFile; fileRef = D1C219D92BBD6A9B004A4393 /* ObjectVM.swift */; };
		D1C219DC2BBD6ACF004A4393 /* ObjectView.swift in Sources */ = {isa = PBXBuildFile; fileRef = D1C219DB2BBD6ACF004A4393 /* ObjectView.swift */; };
		D1C219DE2BBD6AFC004A4393 /* SubcollectionVM.swift in Sources */ = {isa = PBXBuildFile; fileRef = D1C219DD2BBD6AFC004A4393 /* SubcollectionVM.swift */; };
/* End PBXBuildFile section */

/* Begin PBXFileReference section */
		D11FE4032BBE96BA00283518 /* DetailObject.swift */ = {isa = PBXFileReference; lastKnownFileType = sourcecode.swift; path = DetailObject.swift; sourceTree = "<group>"; };
		D11FE4052BBE972500283518 /* ObjectDetailVM.swift */ = {isa = PBXFileReference; lastKnownFileType = sourcecode.swift; path = ObjectDetailVM.swift; sourceTree = "<group>"; };
		D11FE4072BBE975500283518 /* ObjectDetailView.swift */ = {isa = PBXFileReference; lastKnownFileType = sourcecode.swift; path = ObjectDetailView.swift; sourceTree = "<group>"; };
		D11FE4092BBEA3BA00283518 /* FeatureView.swift */ = {isa = PBXFileReference; lastKnownFileType = sourcecode.swift; path = FeatureView.swift; sourceTree = "<group>"; };
		D12F29642B95C731009102C7 /* MuseumSwiftUI.app */ = {isa = PBXFileReference; explicitFileType = wrapper.application; includeInIndex = 0; path = MuseumSwiftUI.app; sourceTree = BUILT_PRODUCTS_DIR; };
		D12F29672B95C731009102C7 /* MuseumSwiftUIApp.swift */ = {isa = PBXFileReference; lastKnownFileType = sourcecode.swift; path = MuseumSwiftUIApp.swift; sourceTree = "<group>"; };
		D12F296B2B95C733009102C7 /* Assets.xcassets */ = {isa = PBXFileReference; lastKnownFileType = folder.assetcatalog; path = Assets.xcassets; sourceTree = "<group>"; };
		D12F296E2B95C733009102C7 /* Preview Assets.xcassets */ = {isa = PBXFileReference; lastKnownFileType = folder.assetcatalog; path = "Preview Assets.xcassets"; sourceTree = "<group>"; };
		D12F29752B95C742009102C7 /* Institution.swift */ = {isa = PBXFileReference; lastKnownFileType = sourcecode.swift; path = Institution.swift; sourceTree = "<group>"; };
		D12F29772B95C755009102C7 /* InstitutionVM.swift */ = {isa = PBXFileReference; lastKnownFileType = sourcecode.swift; path = InstitutionVM.swift; sourceTree = "<group>"; };
		D12F29792B95C761009102C7 /* InstitutionView.swift */ = {isa = PBXFileReference; lastKnownFileType = sourcecode.swift; path = InstitutionView.swift; sourceTree = "<group>"; };
		D12F297B2B96056B009102C7 /* InstitutionService.swift */ = {isa = PBXFileReference; lastKnownFileType = sourcecode.swift; path = InstitutionService.swift; sourceTree = "<group>"; };
		D164A6432BA9939800447FD8 /* QuizView.swift */ = {isa = PBXFileReference; lastKnownFileType = sourcecode.swift; path = QuizView.swift; sourceTree = "<group>"; };
		D171913B2BCE811C00D22D68 /* ObjectsMainView.swift */ = {isa = PBXFileReference; lastKnownFileType = sourcecode.swift; path = ObjectsMainView.swift; sourceTree = "<group>"; };
		D171913D2BCE819900D22D68 /* AllObjectsVM.swift */ = {isa = PBXFileReference; lastKnownFileType = sourcecode.swift; path = AllObjectsVM.swift; sourceTree = "<group>"; };
		D17D1ED22BC96B1900DA6E41 /* StopWordsManager.swift */ = {isa = PBXFileReference; lastKnownFileType = sourcecode.swift; path = StopWordsManager.swift; sourceTree = "<group>"; };
		D19512902BCD74AF009C73A2 /* AllInstitutionsVM.swift */ = {isa = PBXFileReference; lastKnownFileType = sourcecode.swift; path = AllInstitutionsVM.swift; sourceTree = "<group>"; };
		D19512952BCD7519009C73A2 /* CollectionsMainView.swift */ = {isa = PBXFileReference; lastKnownFileType = sourcecode.swift; path = CollectionsMainView.swift; sourceTree = "<group>"; };
		D19512972BCD754A009C73A2 /* MainMenuView.swift */ = {isa = PBXFileReference; lastKnownFileType = sourcecode.swift; path = MainMenuView.swift; sourceTree = "<group>"; };
		D1A083922B97915A00EC088E /* Collection.swift */ = {isa = PBXFileReference; lastKnownFileType = sourcecode.swift; path = Collection.swift; sourceTree = "<group>"; };
		D1A083942B97938D00EC088E /* InstitutionDetailView.swift */ = {isa = PBXFileReference; lastKnownFileType = sourcecode.swift; path = InstitutionDetailView.swift; sourceTree = "<group>"; };
		D1A083962B9799C800EC088E /* DetailInstitution.swift */ = {isa = PBXFileReference; lastKnownFileType = sourcecode.swift; path = DetailInstitution.swift; sourceTree = "<group>"; };
		D1A083982B979BE900EC088E /* InstitutionDetailVM.swift */ = {isa = PBXFileReference; lastKnownFileType = sourcecode.swift; path = InstitutionDetailVM.swift; sourceTree = "<group>"; };
		D1A0839A2B9A4E9A00EC088E /* InstitutionMapVM.swift */ = {isa = PBXFileReference; lastKnownFileType = sourcecode.swift; path = InstitutionMapVM.swift; sourceTree = "<group>"; };
		D1A0839C2B9B0E8900EC088E /* InstitutionMapView.swift */ = {isa = PBXFileReference; lastKnownFileType = sourcecode.swift; path = InstitutionMapView.swift; sourceTree = "<group>"; };
		D1A0839E2B9B188F00EC088E /* CollectionView.swift */ = {isa = PBXFileReference; lastKnownFileType = sourcecode.swift; path = CollectionView.swift; sourceTree = "<group>"; };
		D1A083A42B9CD43600EC088E /* MapPin.swift */ = {isa = PBXFileReference; lastKnownFileType = sourcecode.swift; path = MapPin.swift; sourceTree = "<group>"; };
		D1A63AD92BBC03C800113064 /* CollectionDetailVM.swift */ = {isa = PBXFileReference; lastKnownFileType = sourcecode.swift; path = CollectionDetailVM.swift; sourceTree = "<group>"; };
		D1A63ADB2BBC054600113064 /* SubcollectionView.swift */ = {isa = PBXFileReference; lastKnownFileType = sourcecode.swift; path = SubcollectionView.swift; sourceTree = "<group>"; };
		D1BED4E82BA094F80058F6E3 /* Subcollection.swift */ = {isa = PBXFileReference; lastKnownFileType = sourcecode.swift; path = Subcollection.swift; sourceTree = "<group>"; };
		D1BED4EA2BA0C88D0058F6E3 /* CollectionDetailView.swift */ = {isa = PBXFileReference; lastKnownFileType = sourcecode.swift; path = CollectionDetailView.swift; sourceTree = "<group>"; };
		D1C219D72BBD69E5004A4393 /* Object.swift */ = {isa = PBXFileReference; lastKnownFileType = sourcecode.swift; path = Object.swift; sourceTree = "<group>"; };
		D1C219D92BBD6A9B004A4393 /* ObjectVM.swift */ = {isa = PBXFileReference; lastKnownFileType = sourcecode.swift; path = ObjectVM.swift; sourceTree = "<group>"; };
		D1C219DB2BBD6ACF004A4393 /* ObjectView.swift */ = {isa = PBXFileReference; lastKnownFileType = sourcecode.swift; path = ObjectView.swift; sourceTree = "<group>"; };
		D1C219DD2BBD6AFC004A4393 /* SubcollectionVM.swift */ = {isa = PBXFileReference; lastKnownFileType = sourcecode.swift; path = SubcollectionVM.swift; sourceTree = "<group>"; };
/* End PBXFileReference section */

/* Begin PBXFrameworksBuildPhase section */
		D12F29612B95C731009102C7 /* Frameworks */ = {
			isa = PBXFrameworksBuildPhase;
			buildActionMask = 2147483647;
			files = (
				D17D1ED12BC927D100DA6E41 /* SwiftTfIdf in Frameworks */,
				D11FE4122BBEB3A100283518 /* CachedAsyncImage in Frameworks */,
			);
			runOnlyForDeploymentPostprocessing = 0;
		};
/* End PBXFrameworksBuildPhase section */

/* Begin PBXGroup section */
		D11FE40B2BBEA3CD00283518 /* InstitutionViews */ = {
			isa = PBXGroup;
			children = (
				D12F29792B95C761009102C7 /* InstitutionView.swift */,
				D1A083942B97938D00EC088E /* InstitutionDetailView.swift */,
				D1A0839C2B9B0E8900EC088E /* InstitutionMapView.swift */,
				D11FE4092BBEA3BA00283518 /* FeatureView.swift */,
			);
			path = InstitutionViews;
			sourceTree = "<group>";
		};
		D11FE40D2BBEA3FD00283518 /* CollectionViews */ = {
			isa = PBXGroup;
			children = (
				D1A0839E2B9B188F00EC088E /* CollectionView.swift */,
				D1BED4EA2BA0C88D0058F6E3 /* CollectionDetailView.swift */,
				D1A63ADB2BBC054600113064 /* SubcollectionView.swift */,
			);
			path = CollectionViews;
			sourceTree = "<group>";
		};
		D11FE40E2BBEA40800283518 /* ObjectViews */ = {
			isa = PBXGroup;
			children = (
				D1C219DB2BBD6ACF004A4393 /* ObjectView.swift */,
				D11FE4072BBE975500283518 /* ObjectDetailView.swift */,
			);
			path = ObjectViews;
			sourceTree = "<group>";
		};
		D11FE40F2BBEA41E00283518 /* MLReccomendation */ = {
			isa = PBXGroup;
			children = (
				D164A6432BA9939800447FD8 /* QuizView.swift */,
				D17D1ED22BC96B1900DA6E41 /* StopWordsManager.swift */,
			);
			path = MLReccomendation;
			sourceTree = "<group>";
		};
		D12F295B2B95C731009102C7 = {
			isa = PBXGroup;
			children = (
				D12F29662B95C731009102C7 /* MuseumSwiftUI */,
				D12F29652B95C731009102C7 /* Products */,
			);
			sourceTree = "<group>";
		};
		D12F29652B95C731009102C7 /* Products */ = {
			isa = PBXGroup;
			children = (
				D12F29642B95C731009102C7 /* MuseumSwiftUI.app */,
			);
			name = Products;
			sourceTree = "<group>";
		};
		D12F29662B95C731009102C7 /* MuseumSwiftUI */ = {
			isa = PBXGroup;
			children = (
				D12F297E2B96149F009102C7 /* Networking */,
				D12F297D2B961496009102C7 /* Model */,
				D12F297F2B9614B5009102C7 /* ViewModel */,
				D12F29802B9614C0009102C7 /* View */,
				D12F296B2B95C733009102C7 /* Assets.xcassets */,
				D12F296D2B95C733009102C7 /* Preview Content */,
			);
			path = MuseumSwiftUI;
			sourceTree = "<group>";
		};
		D12F296D2B95C733009102C7 /* Preview Content */ = {
			isa = PBXGroup;
			children = (
				D12F296E2B95C733009102C7 /* Preview Assets.xcassets */,
			);
			path = "Preview Content";
			sourceTree = "<group>";
		};
		D12F297D2B961496009102C7 /* Model */ = {
			isa = PBXGroup;
			children = (
				D12F29752B95C742009102C7 /* Institution.swift */,
				D1A083962B9799C800EC088E /* DetailInstitution.swift */,
				D1A083922B97915A00EC088E /* Collection.swift */,
				D1BED4E82BA094F80058F6E3 /* Subcollection.swift */,
				D1C219D72BBD69E5004A4393 /* Object.swift */,
				D11FE4032BBE96BA00283518 /* DetailObject.swift */,
				D1A083A42B9CD43600EC088E /* MapPin.swift */,
			);
			path = Model;
			sourceTree = "<group>";
		};
		D12F297E2B96149F009102C7 /* Networking */ = {
			isa = PBXGroup;
			children = (
				D12F297B2B96056B009102C7 /* InstitutionService.swift */,
			);
			path = Networking;
			sourceTree = "<group>";
		};
		D12F297F2B9614B5009102C7 /* ViewModel */ = {
			isa = PBXGroup;
			children = (
				D171913F2BCE81D900D22D68 /* InstitutionVM's */,
				D17191412BCE81F700D22D68 /* CollectionVM */,
				D17191402BCE81EF00D22D68 /* ObjectVM */,
			);
			path = ViewModel;
			sourceTree = "<group>";
		};
		D12F29802B9614C0009102C7 /* View */ = {
			isa = PBXGroup;
			children = (
				D19512922BCD74EC009C73A2 /* MainMenuViews */,
				D11FE40B2BBEA3CD00283518 /* InstitutionViews */,
				D11FE40D2BBEA3FD00283518 /* CollectionViews */,
				D11FE40E2BBEA40800283518 /* ObjectViews */,
				D11FE40F2BBEA41E00283518 /* MLReccomendation */,
			);
			path = View;
			sourceTree = "<group>";
		};
		D171913F2BCE81D900D22D68 /* InstitutionVM's */ = {
			isa = PBXGroup;
			children = (
				D12F29772B95C755009102C7 /* InstitutionVM.swift */,
				D19512902BCD74AF009C73A2 /* AllInstitutionsVM.swift */,
				D1A0839A2B9A4E9A00EC088E /* InstitutionMapVM.swift */,
				D1A083982B979BE900EC088E /* InstitutionDetailVM.swift */,
			);
			path = "InstitutionVM's";
			sourceTree = "<group>";
		};
		D17191402BCE81EF00D22D68 /* ObjectVM */ = {
			isa = PBXGroup;
			children = (
				D171913D2BCE819900D22D68 /* AllObjectsVM.swift */,
				D1C219D92BBD6A9B004A4393 /* ObjectVM.swift */,
				D11FE4052BBE972500283518 /* ObjectDetailVM.swift */,
			);
			path = ObjectVM;
			sourceTree = "<group>";
		};
		D17191412BCE81F700D22D68 /* CollectionVM */ = {
			isa = PBXGroup;
			children = (
				D1A63AD92BBC03C800113064 /* CollectionDetailVM.swift */,
				D1C219DD2BBD6AFC004A4393 /* SubcollectionVM.swift */,
			);
			path = CollectionVM;
			sourceTree = "<group>";
		};
		D19512922BCD74EC009C73A2 /* MainMenuViews */ = {
			isa = PBXGroup;
			children = (
				D12F29672B95C731009102C7 /* MuseumSwiftUIApp.swift */,
				D19512972BCD754A009C73A2 /* MainMenuView.swift */,
				D19512952BCD7519009C73A2 /* CollectionsMainView.swift */,
				D171913B2BCE811C00D22D68 /* ObjectsMainView.swift */,
			);
			path = MainMenuViews;
			sourceTree = "<group>";
		};
/* End PBXGroup section */

/* Begin PBXNativeTarget section */
		D12F29632B95C731009102C7 /* MuseumSwiftUI */ = {
			isa = PBXNativeTarget;
			buildConfigurationList = D12F29722B95C733009102C7 /* Build configuration list for PBXNativeTarget "MuseumSwiftUI" */;
			buildPhases = (
				D12F29602B95C731009102C7 /* Sources */,
				D12F29612B95C731009102C7 /* Frameworks */,
				D12F29622B95C731009102C7 /* Resources */,
			);
			buildRules = (
			);
			dependencies = (
			);
			name = MuseumSwiftUI;
			packageProductDependencies = (
				D11FE4112BBEB3A100283518 /* CachedAsyncImage */,
				D17D1ED02BC927D100DA6E41 /* SwiftTfIdf */,
			);
			productName = MuseumSwiftUI;
			productReference = D12F29642B95C731009102C7 /* MuseumSwiftUI.app */;
			productType = "com.apple.product-type.application";
		};
/* End PBXNativeTarget section */

/* Begin PBXProject section */
		D12F295C2B95C731009102C7 /* Project object */ = {
			isa = PBXProject;
			attributes = {
				BuildIndependentTargetsInParallel = 1;
				LastSwiftUpdateCheck = 1500;
				LastUpgradeCheck = 1500;
				TargetAttributes = {
					D12F29632B95C731009102C7 = {
						CreatedOnToolsVersion = 15.0;
					};
				};
			};
			buildConfigurationList = D12F295F2B95C731009102C7 /* Build configuration list for PBXProject "MuseumSwiftUI" */;
			compatibilityVersion = "Xcode 14.0";
			developmentRegion = en;
			hasScannedForEncodings = 0;
			knownRegions = (
				en,
				Base,
			);
			mainGroup = D12F295B2B95C731009102C7;
			packageReferences = (
				D11FE4102BBEB3A100283518 /* XCRemoteSwiftPackageReference "swiftui-cached-async-image" */,
				D17D1ECF2BC927D100DA6E41 /* XCRemoteSwiftPackageReference "SwiftTfIdf" */,
			);
			productRefGroup = D12F29652B95C731009102C7 /* Products */;
			projectDirPath = "";
			projectRoot = "";
			targets = (
				D12F29632B95C731009102C7 /* MuseumSwiftUI */,
			);
		};
/* End PBXProject section */

/* Begin PBXResourcesBuildPhase section */
		D12F29622B95C731009102C7 /* Resources */ = {
			isa = PBXResourcesBuildPhase;
			buildActionMask = 2147483647;
			files = (
				D12F296F2B95C733009102C7 /* Preview Assets.xcassets in Resources */,
				D12F296C2B95C733009102C7 /* Assets.xcassets in Resources */,
			);
			runOnlyForDeploymentPostprocessing = 0;
		};
/* End PBXResourcesBuildPhase section */

/* Begin PBXSourcesBuildPhase section */
		D12F29602B95C731009102C7 /* Sources */ = {
			isa = PBXSourcesBuildPhase;
			buildActionMask = 2147483647;
			files = (
				D19512982BCD754A009C73A2 /* MainMenuView.swift in Sources */,
				D1A083952B97938D00EC088E /* InstitutionDetailView.swift in Sources */,
				D12F297C2B96056C009102C7 /* InstitutionService.swift in Sources */,
				D171913E2BCE819900D22D68 /* AllObjectsVM.swift in Sources */,
				D1A083A52B9CD43600EC088E /* MapPin.swift in Sources */,
				D1C219DA2BBD6A9B004A4393 /* ObjectVM.swift in Sources */,
				D12F29762B95C742009102C7 /* Institution.swift in Sources */,
				D1C219DE2BBD6AFC004A4393 /* SubcollectionVM.swift in Sources */,
				D1A0839D2B9B0E8900EC088E /* InstitutionMapView.swift in Sources */,
				D171913C2BCE811C00D22D68 /* ObjectsMainView.swift in Sources */,
				D17D1ED32BC96B1900DA6E41 /* StopWordsManager.swift in Sources */,
				D12F297A2B95C761009102C7 /* InstitutionView.swift in Sources */,
				D1A0839B2B9A4E9A00EC088E /* InstitutionMapVM.swift in Sources */,
				D19512962BCD7519009C73A2 /* CollectionsMainView.swift in Sources */,
				D1A0839F2B9B188F00EC088E /* CollectionView.swift in Sources */,
				D1A083992B979BE900EC088E /* InstitutionDetailVM.swift in Sources */,
				D1C219D82BBD69E5004A4393 /* Object.swift in Sources */,
				D1A083932B97915A00EC088E /* Collection.swift in Sources */,
				D12F29682B95C731009102C7 /* MuseumSwiftUIApp.swift in Sources */,
				D12F29782B95C755009102C7 /* InstitutionVM.swift in Sources */,
				D1A63ADA2BBC03C800113064 /* CollectionDetailVM.swift in Sources */,
				D1A63ADC2BBC054600113064 /* SubcollectionView.swift in Sources */,
				D11FE40A2BBEA3BA00283518 /* FeatureView.swift in Sources */,
				D19512912BCD74AF009C73A2 /* AllInstitutionsVM.swift in Sources */,
				D11FE4082BBE975500283518 /* ObjectDetailView.swift in Sources */,
				D1C219DC2BBD6ACF004A4393 /* ObjectView.swift in Sources */,
				D1BED4E92BA094F80058F6E3 /* Subcollection.swift in Sources */,
				D11FE4042BBE96BA00283518 /* DetailObject.swift in Sources */,
				D11FE4062BBE972500283518 /* ObjectDetailVM.swift in Sources */,
				D1A083972B9799C800EC088E /* DetailInstitution.swift in Sources */,
				D164A6442BA9939800447FD8 /* QuizView.swift in Sources */,
				D1BED4EB2BA0C88D0058F6E3 /* CollectionDetailView.swift in Sources */,
			);
			runOnlyForDeploymentPostprocessing = 0;
		};
/* End PBXSourcesBuildPhase section */

/* Begin XCBuildConfiguration section */
		D12F29702B95C733009102C7 /* Debug */ = {
			isa = XCBuildConfiguration;
			buildSettings = {
				ALWAYS_SEARCH_USER_PATHS = NO;
				ASSETCATALOG_COMPILER_GENERATE_SWIFT_ASSET_SYMBOL_EXTENSIONS = YES;
				CLANG_ANALYZER_NONNULL = YES;
				CLANG_ANALYZER_NUMBER_OBJECT_CONVERSION = YES_AGGRESSIVE;
				CLANG_CXX_LANGUAGE_STANDARD = "gnu++20";
				CLANG_ENABLE_MODULES = YES;
				CLANG_ENABLE_OBJC_ARC = YES;
				CLANG_ENABLE_OBJC_WEAK = YES;
				CLANG_WARN_BLOCK_CAPTURE_AUTORELEASING = YES;
				CLANG_WARN_BOOL_CONVERSION = YES;
				CLANG_WARN_COMMA = YES;
				CLANG_WARN_CONSTANT_CONVERSION = YES;
				CLANG_WARN_DEPRECATED_OBJC_IMPLEMENTATIONS = YES;
				CLANG_WARN_DIRECT_OBJC_ISA_USAGE = YES_ERROR;
				CLANG_WARN_DOCUMENTATION_COMMENTS = YES;
				CLANG_WARN_EMPTY_BODY = YES;
				CLANG_WARN_ENUM_CONVERSION = YES;
				CLANG_WARN_INFINITE_RECURSION = YES;
				CLANG_WARN_INT_CONVERSION = YES;
				CLANG_WARN_NON_LITERAL_NULL_CONVERSION = YES;
				CLANG_WARN_OBJC_IMPLICIT_RETAIN_SELF = YES;
				CLANG_WARN_OBJC_LITERAL_CONVERSION = YES;
				CLANG_WARN_OBJC_ROOT_CLASS = YES_ERROR;
				CLANG_WARN_QUOTED_INCLUDE_IN_FRAMEWORK_HEADER = YES;
				CLANG_WARN_RANGE_LOOP_ANALYSIS = YES;
				CLANG_WARN_STRICT_PROTOTYPES = YES;
				CLANG_WARN_SUSPICIOUS_MOVE = YES;
				CLANG_WARN_UNGUARDED_AVAILABILITY = YES_AGGRESSIVE;
				CLANG_WARN_UNREACHABLE_CODE = YES;
				CLANG_WARN__DUPLICATE_METHOD_MATCH = YES;
				COPY_PHASE_STRIP = NO;
				DEBUG_INFORMATION_FORMAT = dwarf;
				ENABLE_STRICT_OBJC_MSGSEND = YES;
				ENABLE_TESTABILITY = YES;
				ENABLE_USER_SCRIPT_SANDBOXING = YES;
				GCC_C_LANGUAGE_STANDARD = gnu17;
				GCC_DYNAMIC_NO_PIC = NO;
				GCC_NO_COMMON_BLOCKS = YES;
				GCC_OPTIMIZATION_LEVEL = 0;
				GCC_PREPROCESSOR_DEFINITIONS = (
					"DEBUG=1",
					"$(inherited)",
				);
				GCC_WARN_64_TO_32_BIT_CONVERSION = YES;
				GCC_WARN_ABOUT_RETURN_TYPE = YES_ERROR;
				GCC_WARN_UNDECLARED_SELECTOR = YES;
				GCC_WARN_UNINITIALIZED_AUTOS = YES_AGGRESSIVE;
				GCC_WARN_UNUSED_FUNCTION = YES;
				GCC_WARN_UNUSED_VARIABLE = YES;
				IPHONEOS_DEPLOYMENT_TARGET = 17.0;
				LOCALIZATION_PREFERS_STRING_CATALOGS = YES;
				MTL_ENABLE_DEBUG_INFO = INCLUDE_SOURCE;
				MTL_FAST_MATH = YES;
				ONLY_ACTIVE_ARCH = YES;
				SDKROOT = iphoneos;
				SWIFT_ACTIVE_COMPILATION_CONDITIONS = "DEBUG $(inherited)";
				SWIFT_OPTIMIZATION_LEVEL = "-Onone";
			};
			name = Debug;
		};
		D12F29712B95C733009102C7 /* Release */ = {
			isa = XCBuildConfiguration;
			buildSettings = {
				ALWAYS_SEARCH_USER_PATHS = NO;
				ASSETCATALOG_COMPILER_GENERATE_SWIFT_ASSET_SYMBOL_EXTENSIONS = YES;
				CLANG_ANALYZER_NONNULL = YES;
				CLANG_ANALYZER_NUMBER_OBJECT_CONVERSION = YES_AGGRESSIVE;
				CLANG_CXX_LANGUAGE_STANDARD = "gnu++20";
				CLANG_ENABLE_MODULES = YES;
				CLANG_ENABLE_OBJC_ARC = YES;
				CLANG_ENABLE_OBJC_WEAK = YES;
				CLANG_WARN_BLOCK_CAPTURE_AUTORELEASING = YES;
				CLANG_WARN_BOOL_CONVERSION = YES;
				CLANG_WARN_COMMA = YES;
				CLANG_WARN_CONSTANT_CONVERSION = YES;
				CLANG_WARN_DEPRECATED_OBJC_IMPLEMENTATIONS = YES;
				CLANG_WARN_DIRECT_OBJC_ISA_USAGE = YES_ERROR;
				CLANG_WARN_DOCUMENTATION_COMMENTS = YES;
				CLANG_WARN_EMPTY_BODY = YES;
				CLANG_WARN_ENUM_CONVERSION = YES;
				CLANG_WARN_INFINITE_RECURSION = YES;
				CLANG_WARN_INT_CONVERSION = YES;
				CLANG_WARN_NON_LITERAL_NULL_CONVERSION = YES;
				CLANG_WARN_OBJC_IMPLICIT_RETAIN_SELF = YES;
				CLANG_WARN_OBJC_LITERAL_CONVERSION = YES;
				CLANG_WARN_OBJC_ROOT_CLASS = YES_ERROR;
				CLANG_WARN_QUOTED_INCLUDE_IN_FRAMEWORK_HEADER = YES;
				CLANG_WARN_RANGE_LOOP_ANALYSIS = YES;
				CLANG_WARN_STRICT_PROTOTYPES = YES;
				CLANG_WARN_SUSPICIOUS_MOVE = YES;
				CLANG_WARN_UNGUARDED_AVAILABILITY = YES_AGGRESSIVE;
				CLANG_WARN_UNREACHABLE_CODE = YES;
				CLANG_WARN__DUPLICATE_METHOD_MATCH = YES;
				COPY_PHASE_STRIP = NO;
				DEBUG_INFORMATION_FORMAT = "dwarf-with-dsym";
				ENABLE_NS_ASSERTIONS = NO;
				ENABLE_STRICT_OBJC_MSGSEND = YES;
				ENABLE_USER_SCRIPT_SANDBOXING = YES;
				GCC_C_LANGUAGE_STANDARD = gnu17;
				GCC_NO_COMMON_BLOCKS = YES;
				GCC_WARN_64_TO_32_BIT_CONVERSION = YES;
				GCC_WARN_ABOUT_RETURN_TYPE = YES_ERROR;
				GCC_WARN_UNDECLARED_SELECTOR = YES;
				GCC_WARN_UNINITIALIZED_AUTOS = YES_AGGRESSIVE;
				GCC_WARN_UNUSED_FUNCTION = YES;
				GCC_WARN_UNUSED_VARIABLE = YES;
				IPHONEOS_DEPLOYMENT_TARGET = 17.0;
				LOCALIZATION_PREFERS_STRING_CATALOGS = YES;
				MTL_ENABLE_DEBUG_INFO = NO;
				MTL_FAST_MATH = YES;
				SDKROOT = iphoneos;
				SWIFT_COMPILATION_MODE = wholemodule;
				VALIDATE_PRODUCT = YES;
			};
			name = Release;
		};
		D12F29732B95C733009102C7 /* Debug */ = {
			isa = XCBuildConfiguration;
			buildSettings = {
				ASSETCATALOG_COMPILER_APPICON_NAME = AppIcon;
				ASSETCATALOG_COMPILER_GLOBAL_ACCENT_COLOR_NAME = AccentColor;
				CODE_SIGN_STYLE = Automatic;
				CURRENT_PROJECT_VERSION = 1;
				DEVELOPMENT_ASSET_PATHS = "\"MuseumSwiftUI/Preview Content\"";
				DEVELOPMENT_TEAM = 77FFZ87994;
				ENABLE_PREVIEWS = YES;
				GENERATE_INFOPLIST_FILE = YES;
				INFOPLIST_KEY_UIApplicationSceneManifest_Generation = YES;
				INFOPLIST_KEY_UIApplicationSupportsIndirectInputEvents = YES;
				INFOPLIST_KEY_UILaunchScreen_Generation = YES;
				INFOPLIST_KEY_UISupportedInterfaceOrientations_iPad = "UIInterfaceOrientationPortrait UIInterfaceOrientationPortraitUpsideDown UIInterfaceOrientationLandscapeLeft UIInterfaceOrientationLandscapeRight";
				INFOPLIST_KEY_UISupportedInterfaceOrientations_iPhone = "UIInterfaceOrientationPortrait UIInterfaceOrientationLandscapeLeft UIInterfaceOrientationLandscapeRight";
				LD_RUNPATH_SEARCH_PATHS = (
					"$(inherited)",
					"@executable_path/Frameworks",
				);
				MARKETING_VERSION = 1.0;
				PRODUCT_BUNDLE_IDENTIFIER = nikitasavenko.MuseumSwiftUI;
				PRODUCT_NAME = "$(TARGET_NAME)";
				SWIFT_EMIT_LOC_STRINGS = YES;
				SWIFT_VERSION = 5.0;
				TARGETED_DEVICE_FAMILY = "1,2";
			};
			name = Debug;
		};
		D12F29742B95C733009102C7 /* Release */ = {
			isa = XCBuildConfiguration;
			buildSettings = {
				ASSETCATALOG_COMPILER_APPICON_NAME = AppIcon;
				ASSETCATALOG_COMPILER_GLOBAL_ACCENT_COLOR_NAME = AccentColor;
				CODE_SIGN_STYLE = Automatic;
				CURRENT_PROJECT_VERSION = 1;
				DEVELOPMENT_ASSET_PATHS = "\"MuseumSwiftUI/Preview Content\"";
				DEVELOPMENT_TEAM = 77FFZ87994;
				ENABLE_PREVIEWS = YES;
				GENERATE_INFOPLIST_FILE = YES;
				INFOPLIST_KEY_UIApplicationSceneManifest_Generation = YES;
				INFOPLIST_KEY_UIApplicationSupportsIndirectInputEvents = YES;
				INFOPLIST_KEY_UILaunchScreen_Generation = YES;
				INFOPLIST_KEY_UISupportedInterfaceOrientations_iPad = "UIInterfaceOrientationPortrait UIInterfaceOrientationPortraitUpsideDown UIInterfaceOrientationLandscapeLeft UIInterfaceOrientationLandscapeRight";
				INFOPLIST_KEY_UISupportedInterfaceOrientations_iPhone = "UIInterfaceOrientationPortrait UIInterfaceOrientationLandscapeLeft UIInterfaceOrientationLandscapeRight";
				LD_RUNPATH_SEARCH_PATHS = (
					"$(inherited)",
					"@executable_path/Frameworks",
				);
				MARKETING_VERSION = 1.0;
				PRODUCT_BUNDLE_IDENTIFIER = nikitasavenko.MuseumSwiftUI;
				PRODUCT_NAME = "$(TARGET_NAME)";
				SWIFT_EMIT_LOC_STRINGS = YES;
				SWIFT_VERSION = 5.0;
				TARGETED_DEVICE_FAMILY = "1,2";
			};
			name = Release;
		};
/* End XCBuildConfiguration section */

/* Begin XCConfigurationList section */
		D12F295F2B95C731009102C7 /* Build configuration list for PBXProject "MuseumSwiftUI" */ = {
			isa = XCConfigurationList;
			buildConfigurations = (
				D12F29702B95C733009102C7 /* Debug */,
				D12F29712B95C733009102C7 /* Release */,
			);
			defaultConfigurationIsVisible = 0;
			defaultConfigurationName = Release;
		};
		D12F29722B95C733009102C7 /* Build configuration list for PBXNativeTarget "MuseumSwiftUI" */ = {
			isa = XCConfigurationList;
			buildConfigurations = (
				D12F29732B95C733009102C7 /* Debug */,
				D12F29742B95C733009102C7 /* Release */,
			);
			defaultConfigurationIsVisible = 0;
			defaultConfigurationName = Release;
		};
/* End XCConfigurationList section */

/* Begin XCRemoteSwiftPackageReference section */
		D11FE4102BBEB3A100283518 /* XCRemoteSwiftPackageReference "swiftui-cached-async-image" */ = {
			isa = XCRemoteSwiftPackageReference;
			repositoryURL = "https://github.com/lorenzofiamingo/swiftui-cached-async-image";
			requirement = {
				kind = upToNextMajorVersion;
				minimumVersion = 2.1.1;
			};
		};
		D17D1ECF2BC927D100DA6E41 /* XCRemoteSwiftPackageReference "SwiftTfIdf" */ = {
			isa = XCRemoteSwiftPackageReference;
			repositoryURL = "https://github.com/aziyan99/SwiftTfIdf";
			requirement = {
				kind = upToNextMajorVersion;
				minimumVersion = 1.0.0;
			};
		};
/* End XCRemoteSwiftPackageReference section */

/* Begin XCSwiftPackageProductDependency section */
		D11FE4112BBEB3A100283518 /* CachedAsyncImage */ = {
			isa = XCSwiftPackageProductDependency;
			package = D11FE4102BBEB3A100283518 /* XCRemoteSwiftPackageReference "swiftui-cached-async-image" */;
			productName = CachedAsyncImage;
		};
		D17D1ED02BC927D100DA6E41 /* SwiftTfIdf */ = {
			isa = XCSwiftPackageProductDependency;
			package = D17D1ECF2BC927D100DA6E41 /* XCRemoteSwiftPackageReference "SwiftTfIdf" */;
			productName = SwiftTfIdf;
		};
/* End XCSwiftPackageProductDependency section */
	};
	rootObject = D12F295C2B95C731009102C7 /* Project object */;
}
