{
  "originHash" : "003fd503a1aa7a6fb68c3ae4f2f30818cb0765746afe2bfdb73f556125dd0c75",
  "pins" : [
    {
      "identity" : "llama.cpp",
      "kind" : "remoteSourceControl",
      "location" : "https://github.com/ggerganov/llama.cpp/",
      "state" : {
        "revision" : "928e0b7013c862cf10701957b3d654aa70f11bd8"
      }
    },
    {
      "identity" : "llm.swift",
      "kind" : "remoteSourceControl",
      "location" : "https://github.com/eastriverlee/LLM.swift/",
      "state" : {
        "branch" : "pinned",
        "revision" : "847b496917f57f951ef0af9bf78c3474663f03ad"
      }
    },
    {
      "identity" : "swifttfidf",
      "kind" : "remoteSourceControl",
      "location" : "https://github.com/aziyan99/SwiftTfIdf",
      "state" : {
        "revision" : "72ef1cd20c105765f5b8d7d3c6e917198ace541b",
        "version" : "1.0.0"
      }
    },
    {
      "identity" : "swiftui-cached-async-image",
      "kind" : "remoteSourceControl",
      "location" : "https://github.com/lorenzofiamingo/swiftui-cached-async-image",
      "state" : {
        "revision" : "467a3d17479887943ab917a379e62bbaff60ac8a",
        "version" : "2.1.1"
      }
    }
  ],
  "version" : 3
}
